
Microsoft Visual Studio Solution File, Format Version 12.00
# Visual Studio Version 17
VisualStudioVersion = 17.7.34018.315
MinimumVisualStudioVersion = 10.0.40219.1
Project("{FAE04EC0-301F-11D3-BF4B-00C04F79EFBC}") = "GorillaShirts", "GorillaShirts\GorillaShirts.csproj", "{8CFCB60F-C898-49F5-9A5C-FB9786681671}"
EndProject
Global
	GlobalSection(SolutionConfigurationPlatforms) = preSolution
		Debug|Any CPU = Debug|Any CPU
		Release|Any CPU = Release|Any CPU
	EndGlobalSection
	GlobalSection(ProjectConfigurationPlatforms) = postSolution
		{8CFCB60F-C898-49F5-9A5C-FB9786681671}.Debug|Any CPU.ActiveCfg = Debug|Any CPU
		{8CFCB60F-C898-49F5-9A5C-FB9786681671}.Debug|Any CPU.Build.0 = Debug|Any CPU
		{8CFCB60F-C898-49F5-9A5C-FB9786681671}.Release|Any CPU.ActiveCfg = Release|Any CPU
		{8CFCB60F-C898-49F5-9A5C-FB9786681671}.Release|Any CPU.Build.0 = Release|Any CPU
	EndGlobalSection
	GlobalSection(SolutionProperties) = preSolution
		HideSolutionNode = FALSE
	EndGlobalSection
	GlobalSection(ExtensibilityGlobals) = postSolution
		SolutionGuid = {E6E5B768-DD82-46CE-B54F-DDE1F5816CAD}
	EndGlobalSection
EndGlobal
