
Microsoft Visual Studio Solution File, Format Version 12.00
# Visual Studio Version 17
VisualStudioVersion = 17.14.36203.30 d17.14
MinimumVisualStudioVersion = 10.0.40219.1
Project("{FAE04EC0-301F-11D3-BF4B-00C04F79EFBC}") = "GorillaShirts", "GorillaShirts\GorillaShirts.csproj", "{7F2F4FFA-D506-4ECA-92CA-208BD58C36B1}"
EndProject
Project("{FAE04EC0-301F-11D3-BF4B-00C04F79EFBC}") = "GorillaShirts-Editor", "GorillaShirts-Editor\GorillaShirts-Editor.csproj", "{4B49A2D0-0B84-458E-830C-976334E361CD}"
EndProject
Global
	GlobalSection(SolutionConfigurationPlatforms) = preSolution
		Debug|Any CPU = Debug|Any CPU
		Release|Any CPU = Release|Any CPU
	EndGlobalSection
	GlobalSection(ProjectConfigurationPlatforms) = postSolution
		{7F2F4FFA-D506-4ECA-92CA-208BD58C36B1}.Debug|Any CPU.ActiveCfg = Debug|Any CPU
		{7F2F4FFA-D506-4ECA-92CA-208BD58C36B1}.Debug|Any CPU.Build.0 = Debug|Any CPU
		{7F2F4FFA-D506-4ECA-92CA-208BD58C36B1}.Release|Any CPU.ActiveCfg = Release|Any CPU
		{7F2F4FFA-D506-4ECA-92CA-208BD58C36B1}.Release|Any CPU.Build.0 = Release|Any CPU
		{4B49A2D0-0B84-458E-830C-976334E361CD}.Debug|Any CPU.ActiveCfg = Debug|Any CPU
		{4B49A2D0-0B84-458E-830C-976334E361CD}.Debug|Any CPU.Build.0 = Debug|Any CPU
		{4B49A2D0-0B84-458E-830C-976334E361CD}.Release|Any CPU.ActiveCfg = Release|Any CPU
		{4B49A2D0-0B84-458E-830C-976334E361CD}.Release|Any CPU.Build.0 = Release|Any CPU
	EndGlobalSection
	GlobalSection(SolutionProperties) = preSolution
		HideSolutionNode = FALSE
	EndGlobalSection
	GlobalSection(ExtensibilityGlobals) = postSolution
		SolutionGuid = {BB805944-36ED-4A85-B583-52E257EB4B31}
	EndGlobalSection
EndGlobal
